
Microsoft Visual Studio Solution File, Format Version 12.00
# Visual Studio Express 2012 for Windows 8
Project("{FAE04EC0-301F-11D3-BF4B-00C04F79EFBC}") = "MultiFilePickerSample", "MultiFilePickerSample\MultiFilePickerSample.csproj", "{7379A2FF-7DAA-467E-A4E8-E054DCD705CB}"
EndProject
Global
	GlobalSection(SolutionConfigurationPlatforms) = preSolution
		Debug|Any CPU = Debug|Any CPU
		Debug|ARM = Debug|ARM
		Debug|x64 = Debug|x64
		Debug|x86 = Debug|x86
		Release|Any CPU = Release|Any CPU
		Release|ARM = Release|ARM
		Release|x64 = Release|x64
		Release|x86 = Release|x86
	EndGlobalSection
	GlobalSection(ProjectConfigurationPlatforms) = postSolution
		{7379A2FF-7DAA-467E-A4E8-E054DCD705CB}.Debug|Any CPU.ActiveCfg = Debug|Any CPU
		{7379A2FF-7DAA-467E-A4E8-E054DCD705CB}.Debug|Any CPU.Build.0 = Debug|Any CPU
		{7379A2FF-7DAA-467E-A4E8-E054DCD705CB}.Debug|Any CPU.Deploy.0 = Debug|Any CPU
		{7379A2FF-7DAA-467E-A4E8-E054DCD705CB}.Debug|ARM.ActiveCfg = Debug|ARM
		{7379A2FF-7DAA-467E-A4E8-E054DCD705CB}.Debug|ARM.Build.0 = Debug|ARM
		{7379A2FF-7DAA-467E-A4E8-E054DCD705CB}.Debug|ARM.Deploy.0 = Debug|ARM
		{7379A2FF-7DAA-467E-A4E8-E054DCD705CB}.Debug|x64.ActiveCfg = Debug|x64
		{7379A2FF-7DAA-467E-A4E8-E054DCD705CB}.Debug|x64.Build.0 = Debug|x64
		{7379A2FF-7DAA-467E-A4E8-E054DCD705CB}.Debug|x64.Deploy.0 = Debug|x64
		{7379A2FF-7DAA-467E-A4E8-E054DCD705CB}.Debug|x86.ActiveCfg = Debug|x86
		{7379A2FF-7DAA-467E-A4E8-E054DCD705CB}.Debug|x86.Build.0 = Debug|x86
		{7379A2FF-7DAA-467E-A4E8-E054DCD705CB}.Debug|x86.Deploy.0 = Debug|x86
		{7379A2FF-7DAA-467E-A4E8-E054DCD705CB}.Release|Any CPU.ActiveCfg = Release|Any CPU
		{7379A2FF-7DAA-467E-A4E8-E054DCD705CB}.Release|Any CPU.Build.0 = Release|Any CPU
		{7379A2FF-7DAA-467E-A4E8-E054DCD705CB}.Release|Any CPU.Deploy.0 = Release|Any CPU
		{7379A2FF-7DAA-467E-A4E8-E054DCD705CB}.Release|ARM.ActiveCfg = Release|ARM
		{7379A2FF-7DAA-467E-A4E8-E054DCD705CB}.Release|ARM.Build.0 = Release|ARM
		{7379A2FF-7DAA-467E-A4E8-E054DCD705CB}.Release|ARM.Deploy.0 = Release|ARM
		{7379A2FF-7DAA-467E-A4E8-E054DCD705CB}.Release|x64.ActiveCfg = Release|x64
		{7379A2FF-7DAA-467E-A4E8-E054DCD705CB}.Release|x64.Build.0 = Release|x64
		{7379A2FF-7DAA-467E-A4E8-E054DCD705CB}.Release|x64.Deploy.0 = Release|x64
		{7379A2FF-7DAA-467E-A4E8-E054DCD705CB}.Release|x86.ActiveCfg = Release|x86
		{7379A2FF-7DAA-467E-A4E8-E054DCD705CB}.Release|x86.Build.0 = Release|x86
		{7379A2FF-7DAA-467E-A4E8-E054DCD705CB}.Release|x86.Deploy.0 = Release|x86
	EndGlobalSection
	GlobalSection(SolutionProperties) = preSolution
		HideSolutionNode = FALSE
	EndGlobalSection
EndGlobal
